
Microsoft Visual Studio Solution File, Format Version 12.00
# Visual Studio Version 16
VisualStudioVersion = 16.0.31410.357
MinimumVisualStudioVersion = 10.0.40219.1
Project("{FAE04EC0-301F-11D3-BF4B-00C04F79EFBC}") = "ElectionPredictFinal.UWP", "ElectionPredictFinal\ElectionPredictFinal.UWP\ElectionPredictFinal.UWP.csproj", "{6AFE6F86-42AC-4855-8DF1-4CC75013DA06}"
EndProject
Project("{FAE04EC0-301F-11D3-BF4B-00C04F79EFBC}") = "ElectionPredictFinal.Android", "ElectionPredictFinal\ElectionPredictFinal.Android\ElectionPredictFinal.Android.csproj", "{54F5DCA9-A749-4A0F-85B8-168BB03FC111}"
EndProject
Project("{FAE04EC0-301F-11D3-BF4B-00C04F79EFBC}") = "ElectionPredictFinal.iOS", "ElectionPredictFinal\ElectionPredictFinal.iOS\ElectionPredictFinal.iOS.csproj", "{5A7E1FFE-B859-4E9B-A656-52077D14CEE6}"
EndProject
Project("{FAE04EC0-301F-11D3-BF4B-00C04F79EFBC}") = "ElectionPredictFinal", "ElectionPredictFinal\ElectionPredictFinal\ElectionPredictFinal.csproj", "{7B60F5C8-08B5-4D37-969A-56C1294EC063}"
EndProject
Global
	GlobalSection(SolutionConfigurationPlatforms) = preSolution
		Debug|Any CPU = Debug|Any CPU
		Debug|ARM = Debug|ARM
		Debug|iPhone = Debug|iPhone
		Debug|iPhoneSimulator = Debug|iPhoneSimulator
		Debug|x64 = Debug|x64
		Debug|x86 = Debug|x86
		Release|Any CPU = Release|Any CPU
		Release|ARM = Release|ARM
		Release|iPhone = Release|iPhone
		Release|iPhoneSimulator = Release|iPhoneSimulator
		Release|x64 = Release|x64
		Release|x86 = Release|x86
	EndGlobalSection
	GlobalSection(ProjectConfigurationPlatforms) = postSolution
		{6AFE6F86-42AC-4855-8DF1-4CC75013DA06}.Debug|Any CPU.ActiveCfg = Debug|x86
		{6AFE6F86-42AC-4855-8DF1-4CC75013DA06}.Debug|Any CPU.Build.0 = Debug|x86
		{6AFE6F86-42AC-4855-8DF1-4CC75013DA06}.Debug|Any CPU.Deploy.0 = Debug|x86
		{6AFE6F86-42AC-4855-8DF1-4CC75013DA06}.Debug|ARM.ActiveCfg = Debug|ARM
		{6AFE6F86-42AC-4855-8DF1-4CC75013DA06}.Debug|ARM.Build.0 = Debug|ARM
		{6AFE6F86-42AC-4855-8DF1-4CC75013DA06}.Debug|ARM.Deploy.0 = Debug|ARM
		{6AFE6F86-42AC-4855-8DF1-4CC75013DA06}.Debug|iPhone.ActiveCfg = Debug|x86
		{6AFE6F86-42AC-4855-8DF1-4CC75013DA06}.Debug|iPhone.Build.0 = Debug|x86
		{6AFE6F86-42AC-4855-8DF1-4CC75013DA06}.Debug|iPhone.Deploy.0 = Debug|x86
		{6AFE6F86-42AC-4855-8DF1-4CC75013DA06}.Debug|iPhoneSimulator.ActiveCfg = Debug|x86
		{6AFE6F86-42AC-4855-8DF1-4CC75013DA06}.Debug|iPhoneSimulator.Build.0 = Debug|x86
		{6AFE6F86-42AC-4855-8DF1-4CC75013DA06}.Debug|iPhoneSimulator.Deploy.0 = Debug|x86
		{6AFE6F86-42AC-4855-8DF1-4CC75013DA06}.Debug|x64.ActiveCfg = Debug|x64
		{6AFE6F86-42AC-4855-8DF1-4CC75013DA06}.Debug|x64.Build.0 = Debug|x64
		{6AFE6F86-42AC-4855-8DF1-4CC75013DA06}.Debug|x64.Deploy.0 = Debug|x64
		{6AFE6F86-42AC-4855-8DF1-4CC75013DA06}.Debug|x86.ActiveCfg = Debug|x86
		{6AFE6F86-42AC-4855-8DF1-4CC75013DA06}.Debug|x86.Build.0 = Debug|x86
		{6AFE6F86-42AC-4855-8DF1-4CC75013DA06}.Debug|x86.Deploy.0 = Debug|x86
		{6AFE6F86-42AC-4855-8DF1-4CC75013DA06}.Release|Any CPU.ActiveCfg = Release|x86
		{6AFE6F86-42AC-4855-8DF1-4CC75013DA06}.Release|Any CPU.Build.0 = Release|x86
		{6AFE6F86-42AC-4855-8DF1-4CC75013DA06}.Release|Any CPU.Deploy.0 = Release|x86
		{6AFE6F86-42AC-4855-8DF1-4CC75013DA06}.Release|ARM.ActiveCfg = Release|ARM
		{6AFE6F86-42AC-4855-8DF1-4CC75013DA06}.Release|ARM.Build.0 = Release|ARM
		{6AFE6F86-42AC-4855-8DF1-4CC75013DA06}.Release|ARM.Deploy.0 = Release|ARM
		{6AFE6F86-42AC-4855-8DF1-4CC75013DA06}.Release|iPhone.ActiveCfg = Release|x86
		{6AFE6F86-42AC-4855-8DF1-4CC75013DA06}.Release|iPhone.Build.0 = Release|x86
		{6AFE6F86-42AC-4855-8DF1-4CC75013DA06}.Release|iPhone.Deploy.0 = Release|x86
		{6AFE6F86-42AC-4855-8DF1-4CC75013DA06}.Release|iPhoneSimulator.ActiveCfg = Release|x86
		{6AFE6F86-42AC-4855-8DF1-4CC75013DA06}.Release|iPhoneSimulator.Build.0 = Release|x86
		{6AFE6F86-42AC-4855-8DF1-4CC75013DA06}.Release|iPhoneSimulator.Deploy.0 = Release|x86
		{6AFE6F86-42AC-4855-8DF1-4CC75013DA06}.Release|x64.ActiveCfg = Release|x64
		{6AFE6F86-42AC-4855-8DF1-4CC75013DA06}.Release|x64.Build.0 = Release|x64
		{6AFE6F86-42AC-4855-8DF1-4CC75013DA06}.Release|x64.Deploy.0 = Release|x64
		{6AFE6F86-42AC-4855-8DF1-4CC75013DA06}.Release|x86.ActiveCfg = Release|x86
		{6AFE6F86-42AC-4855-8DF1-4CC75013DA06}.Release|x86.Build.0 = Release|x86
		{6AFE6F86-42AC-4855-8DF1-4CC75013DA06}.Release|x86.Deploy.0 = Release|x86
		{54F5DCA9-A749-4A0F-85B8-168BB03FC111}.Debug|Any CPU.ActiveCfg = Debug|Any CPU
		{54F5DCA9-A749-4A0F-85B8-168BB03FC111}.Debug|Any CPU.Build.0 = Debug|Any CPU
		{54F5DCA9-A749-4A0F-85B8-168BB03FC111}.Debug|Any CPU.Deploy.0 = Debug|Any CPU
		{54F5DCA9-A749-4A0F-85B8-168BB03FC111}.Debug|ARM.ActiveCfg = Debug|Any CPU
		{54F5DCA9-A749-4A0F-85B8-168BB03FC111}.Debug|ARM.Build.0 = Debug|Any CPU
		{54F5DCA9-A749-4A0F-85B8-168BB03FC111}.Debug|ARM.Deploy.0 = Debug|Any CPU
		{54F5DCA9-A749-4A0F-85B8-168BB03FC111}.Debug|iPhone.ActiveCfg = Debug|Any CPU
		{54F5DCA9-A749-4A0F-85B8-168BB03FC111}.Debug|iPhone.Build.0 = Debug|Any CPU
		{54F5DCA9-A749-4A0F-85B8-168BB03FC111}.Debug|iPhone.Deploy.0 = Debug|Any CPU
		{54F5DCA9-A749-4A0F-85B8-168BB03FC111}.Debug|iPhoneSimulator.ActiveCfg = Debug|Any CPU
		{54F5DCA9-A749-4A0F-85B8-168BB03FC111}.Debug|iPhoneSimulator.Build.0 = Debug|Any CPU
		{54F5DCA9-A749-4A0F-85B8-168BB03FC111}.Debug|iPhoneSimulator.Deploy.0 = Debug|Any CPU
		{54F5DCA9-A749-4A0F-85B8-168BB03FC111}.Debug|x64.ActiveCfg = Debug|Any CPU
		{54F5DCA9-A749-4A0F-85B8-168BB03FC111}.Debug|x64.Build.0 = Debug|Any CPU
		{54F5DCA9-A749-4A0F-85B8-168BB03FC111}.Debug|x64.Deploy.0 = Debug|Any CPU
		{54F5DCA9-A749-4A0F-85B8-168BB03FC111}.Debug|x86.ActiveCfg = Debug|Any CPU
		{54F5DCA9-A749-4A0F-85B8-168BB03FC111}.Debug|x86.Build.0 = Debug|Any CPU
		{54F5DCA9-A749-4A0F-85B8-168BB03FC111}.Debug|x86.Deploy.0 = Debug|Any CPU
		{54F5DCA9-A749-4A0F-85B8-168BB03FC111}.Release|Any CPU.ActiveCfg = Release|Any CPU
		{54F5DCA9-A749-4A0F-85B8-168BB03FC111}.Release|Any CPU.Build.0 = Release|Any CPU
		{54F5DCA9-A749-4A0F-85B8-168BB03FC111}.Release|Any CPU.Deploy.0 = Release|Any CPU
		{54F5DCA9-A749-4A0F-85B8-168BB03FC111}.Release|ARM.ActiveCfg = Release|Any CPU
		{54F5DCA9-A749-4A0F-85B8-168BB03FC111}.Release|ARM.Build.0 = Release|Any CPU
		{54F5DCA9-A749-4A0F-85B8-168BB03FC111}.Release|ARM.Deploy.0 = Release|Any CPU
		{54F5DCA9-A749-4A0F-85B8-168BB03FC111}.Release|iPhone.ActiveCfg = Release|Any CPU
		{54F5DCA9-A749-4A0F-85B8-168BB03FC111}.Release|iPhone.Build.0 = Release|Any CPU
		{54F5DCA9-A749-4A0F-85B8-168BB03FC111}.Release|iPhone.Deploy.0 = Release|Any CPU
		{54F5DCA9-A749-4A0F-85B8-168BB03FC111}.Release|iPhoneSimulator.ActiveCfg = Release|Any CPU
		{54F5DCA9-A749-4A0F-85B8-168BB03FC111}.Release|iPhoneSimulator.Build.0 = Release|Any CPU
		{54F5DCA9-A749-4A0F-85B8-168BB03FC111}.Release|iPhoneSimulator.Deploy.0 = Release|Any CPU
		{54F5DCA9-A749-4A0F-85B8-168BB03FC111}.Release|x64.ActiveCfg = Release|Any CPU
		{54F5DCA9-A749-4A0F-85B8-168BB03FC111}.Release|x64.Build.0 = Release|Any CPU
		{54F5DCA9-A749-4A0F-85B8-168BB03FC111}.Release|x64.Deploy.0 = Release|Any CPU
		{54F5DCA9-A749-4A0F-85B8-168BB03FC111}.Release|x86.ActiveCfg = Release|Any CPU
		{54F5DCA9-A749-4A0F-85B8-168BB03FC111}.Release|x86.Build.0 = Release|Any CPU
		{54F5DCA9-A749-4A0F-85B8-168BB03FC111}.Release|x86.Deploy.0 = Release|Any CPU
		{5A7E1FFE-B859-4E9B-A656-52077D14CEE6}.Debug|Any CPU.ActiveCfg = Release|iPhone
		{5A7E1FFE-B859-4E9B-A656-52077D14CEE6}.Debug|Any CPU.Build.0 = Release|iPhone
		{5A7E1FFE-B859-4E9B-A656-52077D14CEE6}.Debug|Any CPU.Deploy.0 = Release|iPhone
		{5A7E1FFE-B859-4E9B-A656-52077D14CEE6}.Debug|ARM.ActiveCfg = Debug|iPhone
		{5A7E1FFE-B859-4E9B-A656-52077D14CEE6}.Debug|ARM.Build.0 = Debug|iPhone
		{5A7E1FFE-B859-4E9B-A656-52077D14CEE6}.Debug|ARM.Deploy.0 = Debug|iPhone
		{5A7E1FFE-B859-4E9B-A656-52077D14CEE6}.Debug|iPhone.ActiveCfg = Debug|iPhone
		{5A7E1FFE-B859-4E9B-A656-52077D14CEE6}.Debug|iPhone.Build.0 = Debug|iPhone
		{5A7E1FFE-B859-4E9B-A656-52077D14CEE6}.Debug|iPhone.Deploy.0 = Debug|iPhone
		{5A7E1FFE-B859-4E9B-A656-52077D14CEE6}.Debug|iPhoneSimulator.ActiveCfg = Debug|iPhoneSimulator
		{5A7E1FFE-B859-4E9B-A656-52077D14CEE6}.Debug|iPhoneSimulator.Build.0 = Debug|iPhoneSimulator
		{5A7E1FFE-B859-4E9B-A656-52077D14CEE6}.Debug|iPhoneSimulator.Deploy.0 = Debug|iPhoneSimulator
		{5A7E1FFE-B859-4E9B-A656-52077D14CEE6}.Debug|x64.ActiveCfg = Debug|iPhoneSimulator
		{5A7E1FFE-B859-4E9B-A656-52077D14CEE6}.Debug|x64.Build.0 = Debug|iPhoneSimulator
		{5A7E1FFE-B859-4E9B-A656-52077D14CEE6}.Debug|x64.Deploy.0 = Debug|iPhoneSimulator
		{5A7E1FFE-B859-4E9B-A656-52077D14CEE6}.Debug|x86.ActiveCfg = Debug|iPhoneSimulator
		{5A7E1FFE-B859-4E9B-A656-52077D14CEE6}.Debug|x86.Build.0 = Debug|iPhoneSimulator
		{5A7E1FFE-B859-4E9B-A656-52077D14CEE6}.Debug|x86.Deploy.0 = Debug|iPhoneSimulator
		{5A7E1FFE-B859-4E9B-A656-52077D14CEE6}.Release|Any CPU.ActiveCfg = Release|iPhoneSimulator
		{5A7E1FFE-B859-4E9B-A656-52077D14CEE6}.Release|Any CPU.Build.0 = Release|iPhoneSimulator
		{5A7E1FFE-B859-4E9B-A656-52077D14CEE6}.Release|Any CPU.Deploy.0 = Release|iPhoneSimulator
		{5A7E1FFE-B859-4E9B-A656-52077D14CEE6}.Release|ARM.ActiveCfg = Release|iPhoneSimulator
		{5A7E1FFE-B859-4E9B-A656-52077D14CEE6}.Release|ARM.Build.0 = Release|iPhoneSimulator
		{5A7E1FFE-B859-4E9B-A656-52077D14CEE6}.Release|ARM.Deploy.0 = Release|iPhoneSimulator
		{5A7E1FFE-B859-4E9B-A656-52077D14CEE6}.Release|iPhone.ActiveCfg = Release|iPhone
		{5A7E1FFE-B859-4E9B-A656-52077D14CEE6}.Release|iPhone.Build.0 = Release|iPhone
		{5A7E1FFE-B859-4E9B-A656-52077D14CEE6}.Release|iPhone.Deploy.0 = Release|iPhone
		{5A7E1FFE-B859-4E9B-A656-52077D14CEE6}.Release|iPhoneSimulator.ActiveCfg = Release|iPhoneSimulator
		{5A7E1FFE-B859-4E9B-A656-52077D14CEE6}.Release|iPhoneSimulator.Build.0 = Release|iPhoneSimulator
		{5A7E1FFE-B859-4E9B-A656-52077D14CEE6}.Release|iPhoneSimulator.Deploy.0 = Release|iPhoneSimulator
		{5A7E1FFE-B859-4E9B-A656-52077D14CEE6}.Release|x64.ActiveCfg = Release|iPhoneSimulator
		{5A7E1FFE-B859-4E9B-A656-52077D14CEE6}.Release|x64.Build.0 = Release|iPhoneSimulator
		{5A7E1FFE-B859-4E9B-A656-52077D14CEE6}.Release|x64.Deploy.0 = Release|iPhoneSimulator
		{5A7E1FFE-B859-4E9B-A656-52077D14CEE6}.Release|x86.ActiveCfg = Release|iPhoneSimulator
		{5A7E1FFE-B859-4E9B-A656-52077D14CEE6}.Release|x86.Build.0 = Release|iPhoneSimulator
		{5A7E1FFE-B859-4E9B-A656-52077D14CEE6}.Release|x86.Deploy.0 = Release|iPhoneSimulator
		{7B60F5C8-08B5-4D37-969A-56C1294EC063}.Debug|Any CPU.ActiveCfg = Debug|Any CPU
		{7B60F5C8-08B5-4D37-969A-56C1294EC063}.Debug|Any CPU.Build.0 = Debug|Any CPU
		{7B60F5C8-08B5-4D37-969A-56C1294EC063}.Debug|Any CPU.Deploy.0 = Debug|Any CPU
		{7B60F5C8-08B5-4D37-969A-56C1294EC063}.Debug|ARM.ActiveCfg = Debug|Any CPU
		{7B60F5C8-08B5-4D37-969A-56C1294EC063}.Debug|ARM.Build.0 = Debug|Any CPU
		{7B60F5C8-08B5-4D37-969A-56C1294EC063}.Debug|ARM.Deploy.0 = Debug|Any CPU
		{7B60F5C8-08B5-4D37-969A-56C1294EC063}.Debug|iPhone.ActiveCfg = Debug|Any CPU
		{7B60F5C8-08B5-4D37-969A-56C1294EC063}.Debug|iPhone.Build.0 = Debug|Any CPU
		{7B60F5C8-08B5-4D37-969A-56C1294EC063}.Debug|iPhone.Deploy.0 = Debug|Any CPU
		{7B60F5C8-08B5-4D37-969A-56C1294EC063}.Debug|iPhoneSimulator.ActiveCfg = Debug|Any CPU
		{7B60F5C8-08B5-4D37-969A-56C1294EC063}.Debug|iPhoneSimulator.Build.0 = Debug|Any CPU
		{7B60F5C8-08B5-4D37-969A-56C1294EC063}.Debug|iPhoneSimulator.Deploy.0 = Debug|Any CPU
		{7B60F5C8-08B5-4D37-969A-56C1294EC063}.Debug|x64.ActiveCfg = Debug|Any CPU
		{7B60F5C8-08B5-4D37-969A-56C1294EC063}.Debug|x64.Build.0 = Debug|Any CPU
		{7B60F5C8-08B5-4D37-969A-56C1294EC063}.Debug|x64.Deploy.0 = Debug|Any CPU
		{7B60F5C8-08B5-4D37-969A-56C1294EC063}.Debug|x86.ActiveCfg = Debug|Any CPU
		{7B60F5C8-08B5-4D37-969A-56C1294EC063}.Debug|x86.Build.0 = Debug|Any CPU
		{7B60F5C8-08B5-4D37-969A-56C1294EC063}.Debug|x86.Deploy.0 = Debug|Any CPU
		{7B60F5C8-08B5-4D37-969A-56C1294EC063}.Release|Any CPU.ActiveCfg = Release|Any CPU
		{7B60F5C8-08B5-4D37-969A-56C1294EC063}.Release|Any CPU.Build.0 = Release|Any CPU
		{7B60F5C8-08B5-4D37-969A-56C1294EC063}.Release|Any CPU.Deploy.0 = Release|Any CPU
		{7B60F5C8-08B5-4D37-969A-56C1294EC063}.Release|ARM.ActiveCfg = Release|Any CPU
		{7B60F5C8-08B5-4D37-969A-56C1294EC063}.Release|ARM.Build.0 = Release|Any CPU
		{7B60F5C8-08B5-4D37-969A-56C1294EC063}.Release|ARM.Deploy.0 = Release|Any CPU
		{7B60F5C8-08B5-4D37-969A-56C1294EC063}.Release|iPhone.ActiveCfg = Release|Any CPU
		{7B60F5C8-08B5-4D37-969A-56C1294EC063}.Release|iPhone.Build.0 = Release|Any CPU
		{7B60F5C8-08B5-4D37-969A-56C1294EC063}.Release|iPhone.Deploy.0 = Release|Any CPU
		{7B60F5C8-08B5-4D37-969A-56C1294EC063}.Release|iPhoneSimulator.ActiveCfg = Release|Any CPU
		{7B60F5C8-08B5-4D37-969A-56C1294EC063}.Release|iPhoneSimulator.Build.0 = Release|Any CPU
		{7B60F5C8-08B5-4D37-969A-56C1294EC063}.Release|iPhoneSimulator.Deploy.0 = Release|Any CPU
		{7B60F5C8-08B5-4D37-969A-56C1294EC063}.Release|x64.ActiveCfg = Release|Any CPU
		{7B60F5C8-08B5-4D37-969A-56C1294EC063}.Release|x64.Build.0 = Release|Any CPU
		{7B60F5C8-08B5-4D37-969A-56C1294EC063}.Release|x64.Deploy.0 = Release|Any CPU
		{7B60F5C8-08B5-4D37-969A-56C1294EC063}.Release|x86.ActiveCfg = Release|Any CPU
		{7B60F5C8-08B5-4D37-969A-56C1294EC063}.Release|x86.Build.0 = Release|Any CPU
		{7B60F5C8-08B5-4D37-969A-56C1294EC063}.Release|x86.Deploy.0 = Release|Any CPU
	EndGlobalSection
	GlobalSection(SolutionProperties) = preSolution
		HideSolutionNode = FALSE
	EndGlobalSection
	GlobalSection(ExtensibilityGlobals) = postSolution
		SolutionGuid = {BD7D1405-3469-4BB9-9A99-11D937E93887}
	EndGlobalSection
EndGlobal
